
Microsoft Visual Studio Solution File, Format Version 12.00
# Visual Studio Version 17
VisualStudioVersion = 17.0.31903.59
MinimumVisualStudioVersion = 17.0.31903.59
Project("{FAE04EC0-301F-11D3-BF4B-00C04F79EFBC}") = "BenchmarkJSON", "BenchmarkJSON\BenchmarkJSON.csproj", "{78B2DAA6-6162-4C74-81F6-C535020D1AD5}"
EndProject
Global
	GlobalSection(SolutionConfigurationPlatforms) = preSolution
		Debug|Any CPU = Debug|Any CPU
		Release|Any CPU = Release|Any CPU
	EndGlobalSection
	GlobalSection(SolutionProperties) = preSolution
		HideSolutionNode = FALSE
	EndGlobalSection
	GlobalSection(ProjectConfigurationPlatforms) = postSolution
		{78B2DAA6-6162-4C74-81F6-C535020D1AD5}.Debug|Any CPU.ActiveCfg = Debug|Any CPU
		{78B2DAA6-6162-4C74-81F6-C535020D1AD5}.Debug|Any CPU.Build.0 = Debug|Any CPU
		{78B2DAA6-6162-4C74-81F6-C535020D1AD5}.Release|Any CPU.ActiveCfg = Release|Any CPU
		{78B2DAA6-6162-4C74-81F6-C535020D1AD5}.Release|Any CPU.Build.0 = Release|Any CPU
	EndGlobalSection
EndGlobal
